
Microsoft Visual Studio Solution File, Format Version 12.00
# Visual Studio Version 16
VisualStudioVersion = 16.0.30330.147
MinimumVisualStudioVersion = 10.0.40219.1
Project("{FAE04EC0-301F-11D3-BF4B-00C04F79EFBC}") = "books_api", "books_api\books_api.csproj", "{166BB3C9-7D23-461A-B6F6-F7734CFFB0A2}"
EndProject
Global
	GlobalSection(SolutionConfigurationPlatforms) = preSolution
		Debug|Any CPU = Debug|Any CPU
		Release|Any CPU = Release|Any CPU
	EndGlobalSection
	GlobalSection(ProjectConfigurationPlatforms) = postSolution
		{166BB3C9-7D23-461A-B6F6-F7734CFFB0A2}.Debug|Any CPU.ActiveCfg = Debug|Any CPU
		{166BB3C9-7D23-461A-B6F6-F7734CFFB0A2}.Debug|Any CPU.Build.0 = Debug|Any CPU
		{166BB3C9-7D23-461A-B6F6-F7734CFFB0A2}.Release|Any CPU.ActiveCfg = Release|Any CPU
		{166BB3C9-7D23-461A-B6F6-F7734CFFB0A2}.Release|Any CPU.Build.0 = Release|Any CPU
	EndGlobalSection
	GlobalSection(SolutionProperties) = preSolution
		HideSolutionNode = FALSE
	EndGlobalSection
	GlobalSection(ExtensibilityGlobals) = postSolution
		SolutionGuid = {A89B25DD-818D-4E1A-B047-86A0224FF7EC}
	EndGlobalSection
EndGlobal
